PODS:
  - Alamofire (5.8.1)
  - KeychainSwift (21.0.0)

DEPENDENCIES:
  - Alamofire
  - KeychainSwift (~> 21.0)

SPEC REPOS:
  trunk:
    - Alamofire
    - KeychainSwift

SPEC CHECKSUMS:
  Alamofire: 3ca42e259043ee0dc5c0cdd76c4bc568b8e42af7
  KeychainSwift: 4a71a45c802fd9e73906457c2dcbdbdc06c9419d

PODFILE CHECKSUM: 639b9f500b89276530ab2287db9783d6afcd4b0b

COCOAPODS: 1.13.0
