// !$*UTF8*$!
{
	archiveVersion = 1;
	classes = {
	};
	objectVersion = 56;
	objects = {

/* Begin PBXBuildFile section */
		528D5B982B95A0F40029DEAD /* RegisterLessonSwiftUIApp.swift in Sources */ = {isa = PBXBuildFile; fileRef = 528D5B972B95A0F40029DEAD /* RegisterLessonSwiftUIApp.swift */; };
		528D5B9A2B95A0F40029DEAD /* ContentView.swift in Sources */ = {isa = PBXBuildFile; fileRef = 528D5B992B95A0F40029DEAD /* ContentView.swift */; };
		528D5B9C2B95A0F50029DEAD /* Assets.xcassets in Resources */ = {isa = PBXBuildFile; fileRef = 528D5B9B2B95A0F50029DEAD /* Assets.xcassets */; };
		528D5B9F2B95A0F50029DEAD /* Preview Assets.xcassets in Resources */ = {isa = PBXBuildFile; fileRef = 528D5B9E2B95A0F50029DEAD /* Preview Assets.xcassets */; };
		528D5BA12B95A0F50029DEAD /* Persistence.swift in Sources */ = {isa = PBXBuildFile; fileRef = 528D5BA02B95A0F50029DEAD /* Persistence.swift */; };
		528D5BA42B95A0F50029DEAD /* RegisterLessonSwiftUI.xcdatamodeld in Sources */ = {isa = PBXBuildFile; fileRef = 528D5BA22B95A0F50029DEAD /* RegisterLessonSwiftUI.xcdatamodeld */; };
		528D5BAF2B95A5460029DEAD /* Lesson+CoreDataClass.swift in Sources */ = {isa = PBXBuildFile; fileRef = 528D5BAB2B95A5460029DEAD /* Lesson+CoreDataClass.swift */; };
		528D5BB02B95A5460029DEAD /* Lesson+CoreDataProperties.swift in Sources */ = {isa = PBXBuildFile; fileRef = 528D5BAC2B95A5460029DEAD /* Lesson+CoreDataProperties.swift */; };
		528D5BB12B95A5460029DEAD /* User+CoreDataClass.swift in Sources */ = {isa = PBXBuildFile; fileRef = 528D5BAD2B95A5460029DEAD /* User+CoreDataClass.swift */; };
		528D5BB22B95A5460029DEAD /* User+CoreDataProperties.swift in Sources */ = {isa = PBXBuildFile; fileRef = 528D5BAE2B95A5460029DEAD /* User+CoreDataProperties.swift */; };
		528D5BB52B95A7610029DEAD /* OnboardingView.swift in Sources */ = {isa = PBXBuildFile; fileRef = 528D5BB42B95A7610029DEAD /* OnboardingView.swift */; };
		528D5BB82B95AB140029DEAD /* AngledNavigationText.swift in Sources */ = {isa = PBXBuildFile; fileRef = 528D5BB72B95AB140029DEAD /* AngledNavigationText.swift */; };
		528D5BBA2B95AD580029DEAD /* CustomText.swift in Sources */ = {isa = PBXBuildFile; fileRef = 528D5BB92B95AD580029DEAD /* CustomText.swift */; };
		528D5BBE2B95AF420029DEAD /* SignInView.swift in Sources */ = {isa = PBXBuildFile; fileRef = 528D5BBD2B95AF420029DEAD /* SignInView.swift */; };
		528D5BC02B95B9760029DEAD /* BackButton.swift in Sources */ = {isa = PBXBuildFile; fileRef = 528D5BBF2B95B9760029DEAD /* BackButton.swift */; };
		528D5BC22B95BBC40029DEAD /* SignInViewViewModel.swift in Sources */ = {isa = PBXBuildFile; fileRef = 528D5BC12B95BBC40029DEAD /* SignInViewViewModel.swift */; };
		528D5BC42B95BE8D0029DEAD /* CircularButton.swift in Sources */ = {isa = PBXBuildFile; fileRef = 528D5BC32B95BE8D0029DEAD /* CircularButton.swift */; };
		528D5BC62B95C67F0029DEAD /* CustomTextField.swift in Sources */ = {isa = PBXBuildFile; fileRef = 528D5BC52B95C67F0029DEAD /* CustomTextField.swift */; };
		528D5BCA2B95C9200029DEAD /* SignUpView.swift in Sources */ = {isa = PBXBuildFile; fileRef = 528D5BC92B95C9200029DEAD /* SignUpView.swift */; };
		528D5BCC2B95CA600029DEAD /* SignUpViewViewModel.swift in Sources */ = {isa = PBXBuildFile; fileRef = 528D5BCB2B95CA600029DEAD /* SignUpViewViewModel.swift */; };
		528D5BD02B95D00A0029DEAD /* CustomSecurefield.swift in Sources */ = {isa = PBXBuildFile; fileRef = 528D5BCF2B95D00A0029DEAD /* CustomSecurefield.swift */; };
/* End PBXBuildFile section */

/* Begin PBXFileReference section */
		528D5B942B95A0F40029DEAD /* RegisterLessonSwiftUI.app */ = {isa = PBXFileReference; explicitFileType = wrapper.application; includeInIndex = 0; path = RegisterLessonSwiftUI.app; sourceTree = BUILT_PRODUCTS_DIR; };
		528D5B972B95A0F40029DEAD /* RegisterLessonSwiftUIApp.swift */ = {isa = PBXFileReference; lastKnownFileType = sourcecode.swift; path = RegisterLessonSwiftUIApp.swift; sourceTree = "<group>"; };
		528D5B992B95A0F40029DEAD /* ContentView.swift */ = {isa = PBXFileReference; lastKnownFileType = sourcecode.swift; path = ContentView.swift; sourceTree = "<group>"; };
		528D5B9B2B95A0F50029DEAD /* Assets.xcassets */ = {isa = PBXFileReference; lastKnownFileType = folder.assetcatalog; path = Assets.xcassets; sourceTree = "<group>"; };
		528D5B9E2B95A0F50029DEAD /* Preview Assets.xcassets */ = {isa = PBXFileReference; lastKnownFileType = folder.assetcatalog; path = "Preview Assets.xcassets"; sourceTree = "<group>"; };
		528D5BA02B95A0F50029DEAD /* Persistence.swift */ = {isa = PBXFileReference; lastKnownFileType = sourcecode.swift; path = Persistence.swift; sourceTree = "<group>"; };
		528D5BA32B95A0F50029DEAD /* RegisterLessonSwiftUI.xcdatamodel */ = {isa = PBXFileReference; lastKnownFileType = wrapper.xcdatamodel; path = RegisterLessonSwiftUI.xcdatamodel; sourceTree = "<group>"; };
		528D5BAA2B95A4930029DEAD /* RegisterLessonSwiftUI 2.xcdatamodel */ = {isa = PBXFileReference; lastKnownFileType = wrapper.xcdatamodel; path = "RegisterLessonSwiftUI 2.xcdatamodel"; sourceTree = "<group>"; };
		528D5BAB2B95A5460029DEAD /* Lesson+CoreDataClass.swift */ = {isa = PBXFileReference; lastKnownFileType = sourcecode.swift; path = "Lesson+CoreDataClass.swift"; sourceTree = "<group>"; };
		528D5BAC2B95A5460029DEAD /* Lesson+CoreDataProperties.swift */ = {isa = PBXFileReference; lastKnownFileType = sourcecode.swift; path = "Lesson+CoreDataProperties.swift"; sourceTree = "<group>"; };
		528D5BAD2B95A5460029DEAD /* User+CoreDataClass.swift */ = {isa = PBXFileReference; lastKnownFileType = sourcecode.swift; path = "User+CoreDataClass.swift"; sourceTree = "<group>"; };
		528D5BAE2B95A5460029DEAD /* User+CoreDataProperties.swift */ = {isa = PBXFileReference; lastKnownFileType = sourcecode.swift; path = "User+CoreDataProperties.swift"; sourceTree = "<group>"; };
		528D5BB42B95A7610029DEAD /* OnboardingView.swift */ = {isa = PBXFileReference; lastKnownFileType = sourcecode.swift; path = OnboardingView.swift; sourceTree = "<group>"; };
		528D5BB72B95AB140029DEAD /* AngledNavigationText.swift */ = {isa = PBXFileReference; lastKnownFileType = sourcecode.swift; path = AngledNavigationText.swift; sourceTree = "<group>"; };
		528D5BB92B95AD580029DEAD /* CustomText.swift */ = {isa = PBXFileReference; lastKnownFileType = sourcecode.swift; path = CustomText.swift; sourceTree = "<group>"; };
		528D5BBD2B95AF420029DEAD /* SignInView.swift */ = {isa = PBXFileReference; lastKnownFileType = sourcecode.swift; path = SignInView.swift; sourceTree = "<group>"; };
		528D5BBF2B95B9760029DEAD /* BackButton.swift */ = {isa = PBXFileReference; lastKnownFileType = sourcecode.swift; path = BackButton.swift; sourceTree = "<group>"; };
		528D5BC12B95BBC40029DEAD /* SignInViewViewModel.swift */ = {isa = PBXFileReference; lastKnownFileType = sourcecode.swift; path = SignInViewViewModel.swift; sourceTree = "<group>"; };
		528D5BC32B95BE8D0029DEAD /* CircularButton.swift */ = {isa = PBXFileReference; lastKnownFileType = sourcecode.swift; path = CircularButton.swift; sourceTree = "<group>"; };
		528D5BC52B95C67F0029DEAD /* CustomTextField.swift */ = {isa = PBXFileReference; lastKnownFileType = sourcecode.swift; path = CustomTextField.swift; sourceTree = "<group>"; };
		528D5BC92B95C9200029DEAD /* SignUpView.swift */ = {isa = PBXFileReference; lastKnownFileType = sourcecode.swift; path = SignUpView.swift; sourceTree = "<group>"; };
		528D5BCB2B95CA600029DEAD /* SignUpViewViewModel.swift */ = {isa = PBXFileReference; lastKnownFileType = sourcecode.swift; path = SignUpViewViewModel.swift; sourceTree = "<group>"; };
		528D5BCF2B95D00A0029DEAD /* CustomSecurefield.swift */ = {isa = PBXFileReference; lastKnownFileType = sourcecode.swift; path = CustomSecurefield.swift; sourceTree = "<group>"; };
/* End PBXFileReference section */

/* Begin PBXFrameworksBuildPhase section */
		528D5B912B95A0F40029DEAD /* Frameworks */ = {
			isa = PBXFrameworksBuildPhase;
			buildActionMask = 2147483647;
			files = (
			);
			runOnlyForDeploymentPostprocessing = 0;
		};
/* End PBXFrameworksBuildPhase section */

/* Begin PBXGroup section */
		528D5B8B2B95A0F40029DEAD = {
			isa = PBXGroup;
			children = (
				528D5BAB2B95A5460029DEAD /* Lesson+CoreDataClass.swift */,
				528D5BAC2B95A5460029DEAD /* Lesson+CoreDataProperties.swift */,
				528D5BAD2B95A5460029DEAD /* User+CoreDataClass.swift */,
				528D5BAE2B95A5460029DEAD /* User+CoreDataProperties.swift */,
				528D5B962B95A0F40029DEAD /* RegisterLessonSwiftUI */,
				528D5B952B95A0F40029DEAD /* Products */,
			);
			sourceTree = "<group>";
		};
		528D5B952B95A0F40029DEAD /* Products */ = {
			isa = PBXGroup;
			children = (
				528D5B942B95A0F40029DEAD /* RegisterLessonSwiftUI.app */,
			);
			name = Products;
			sourceTree = "<group>";
		};
		528D5B962B95A0F40029DEAD /* RegisterLessonSwiftUI */ = {
			isa = PBXGroup;
			children = (
				528D5BB62B95AB020029DEAD /* CustomViews */,
				528D5BB32B95A7520029DEAD /* Features */,
				528D5B972B95A0F40029DEAD /* RegisterLessonSwiftUIApp.swift */,
				528D5B992B95A0F40029DEAD /* ContentView.swift */,
				528D5B9B2B95A0F50029DEAD /* Assets.xcassets */,
				528D5BA02B95A0F50029DEAD /* Persistence.swift */,
				528D5BA22B95A0F50029DEAD /* RegisterLessonSwiftUI.xcdatamodeld */,
				528D5B9D2B95A0F50029DEAD /* Preview Content */,
			);
			path = RegisterLessonSwiftUI;
			sourceTree = "<group>";
		};
		528D5B9D2B95A0F50029DEAD /* Preview Content */ = {
			isa = PBXGroup;
			children = (
				528D5B9E2B95A0F50029DEAD /* Preview Assets.xcassets */,
			);
			path = "Preview Content";
			sourceTree = "<group>";
		};
		528D5BB32B95A7520029DEAD /* Features */ = {
			isa = PBXGroup;
			children = (
				528D5BC72B95C90F0029DEAD /* Auth */,
				528D5BBB2B95AF320029DEAD /* Onboarding */,
			);
			path = Features;
			sourceTree = "<group>";
		};
		528D5BB62B95AB020029DEAD /* CustomViews */ = {
			isa = PBXGroup;
			children = (
				528D5BB72B95AB140029DEAD /* AngledNavigationText.swift */,
				528D5BB92B95AD580029DEAD /* CustomText.swift */,
				528D5BBF2B95B9760029DEAD /* BackButton.swift */,
				528D5BC32B95BE8D0029DEAD /* CircularButton.swift */,
				528D5BC52B95C67F0029DEAD /* CustomTextField.swift */,
				528D5BCF2B95D00A0029DEAD /* CustomSecurefield.swift */,
			);
			path = CustomViews;
			sourceTree = "<group>";
		};
		528D5BBB2B95AF320029DEAD /* Onboarding */ = {
			isa = PBXGroup;
			children = (
				528D5BB42B95A7610029DEAD /* OnboardingView.swift */,
			);
			path = Onboarding;
			sourceTree = "<group>";
		};
		528D5BBC2B95AF3A0029DEAD /* SignIn */ = {
			isa = PBXGroup;
			children = (
				528D5BBD2B95AF420029DEAD /* SignInView.swift */,
				528D5BC12B95BBC40029DEAD /* SignInViewViewModel.swift */,
			);
			path = SignIn;
			sourceTree = "<group>";
		};
		528D5BC72B95C90F0029DEAD /* Auth */ = {
			isa = PBXGroup;
			children = (
				528D5BC82B95C9180029DEAD /* SignUp */,
				528D5BBC2B95AF3A0029DEAD /* SignIn */,
			);
			path = Auth;
			sourceTree = "<group>";
		};
		528D5BC82B95C9180029DEAD /* SignUp */ = {
			isa = PBXGroup;
			children = (
				528D5BC92B95C9200029DEAD /* SignUpView.swift */,
				528D5BCB2B95CA600029DEAD /* SignUpViewViewModel.swift */,
			);
			path = SignUp;
			sourceTree = "<group>";
		};
/* End PBXGroup section */

/* Begin PBXNativeTarget section */
		528D5B932B95A0F40029DEAD /* RegisterLessonSwiftUI */ = {
			isa = PBXNativeTarget;
			buildConfigurationList = 528D5BA72B95A0F50029DEAD /* Build configuration list for PBXNativeTarget "RegisterLessonSwiftUI" */;
			buildPhases = (
				528D5B902B95A0F40029DEAD /* Sources */,
				528D5B912B95A0F40029DEAD /* Frameworks */,
				528D5B922B95A0F40029DEAD /* Resources */,
			);
			buildRules = (
			);
			dependencies = (
			);
			name = RegisterLessonSwiftUI;
			productName = RegisterLessonSwiftUI;
			productReference = 528D5B942B95A0F40029DEAD /* RegisterLessonSwiftUI.app */;
			productType = "com.apple.product-type.application";
		};
/* End PBXNativeTarget section */

/* Begin PBXProject section */
		528D5B8C2B95A0F40029DEAD /* Project object */ = {
			isa = PBXProject;
			attributes = {
				BuildIndependentTargetsInParallel = 1;
				LastSwiftUpdateCheck = 1520;
				LastUpgradeCheck = 1520;
				TargetAttributes = {
					528D5B932B95A0F40029DEAD = {
						CreatedOnToolsVersion = 15.2;
					};
				};
			};
			buildConfigurationList = 528D5B8F2B95A0F40029DEAD /* Build configuration list for PBXProject "RegisterLessonSwiftUI" */;
			compatibilityVersion = "Xcode 14.0";
			developmentRegion = en;
			hasScannedForEncodings = 0;
			knownRegions = (
				en,
				Base,
			);
			mainGroup = 528D5B8B2B95A0F40029DEAD;
			productRefGroup = 528D5B952B95A0F40029DEAD /* Products */;
			projectDirPath = "";
			projectRoot = "";
			targets = (
				528D5B932B95A0F40029DEAD /* RegisterLessonSwiftUI */,
			);
		};
/* End PBXProject section */

/* Begin PBXResourcesBuildPhase section */
		528D5B922B95A0F40029DEAD /* Resources */ = {
			isa = PBXResourcesBuildPhase;
			buildActionMask = 2147483647;
			files = (
				528D5B9F2B95A0F50029DEAD /* Preview Assets.xcassets in Resources */,
				528D5B9C2B95A0F50029DEAD /* Assets.xcassets in Resources */,
			);
			runOnlyForDeploymentPostprocessing = 0;
		};
/* End PBXResourcesBuildPhase section */

/* Begin PBXSourcesBuildPhase section */
		528D5B902B95A0F40029DEAD /* Sources */ = {
			isa = PBXSourcesBuildPhase;
			buildActionMask = 2147483647;
			files = (
				528D5BB82B95AB140029DEAD /* AngledNavigationText.swift in Sources */,
				528D5BAF2B95A5460029DEAD /* Lesson+CoreDataClass.swift in Sources */,
				528D5BA12B95A0F50029DEAD /* Persistence.swift in Sources */,
				528D5BC62B95C67F0029DEAD /* CustomTextField.swift in Sources */,
				528D5BB22B95A5460029DEAD /* User+CoreDataProperties.swift in Sources */,
				528D5BCC2B95CA600029DEAD /* SignUpViewViewModel.swift in Sources */,
				528D5BBA2B95AD580029DEAD /* CustomText.swift in Sources */,
				528D5BB52B95A7610029DEAD /* OnboardingView.swift in Sources */,
				528D5BD02B95D00A0029DEAD /* CustomSecurefield.swift in Sources */,
				528D5BBE2B95AF420029DEAD /* SignInView.swift in Sources */,
				528D5BC22B95BBC40029DEAD /* SignInViewViewModel.swift in Sources */,
				528D5B9A2B95A0F40029DEAD /* ContentView.swift in Sources */,
				528D5BA42B95A0F50029DEAD /* RegisterLessonSwiftUI.xcdatamodeld in Sources */,
				528D5B982B95A0F40029DEAD /* RegisterLessonSwiftUIApp.swift in Sources */,
				528D5BCA2B95C9200029DEAD /* SignUpView.swift in Sources */,
				528D5BB02B95A5460029DEAD /* Lesson+CoreDataProperties.swift in Sources */,
				528D5BC02B95B9760029DEAD /* BackButton.swift in Sources */,
				528D5BB12B95A5460029DEAD /* User+CoreDataClass.swift in Sources */,
				528D5BC42B95BE8D0029DEAD /* CircularButton.swift in Sources */,
			);
			runOnlyForDeploymentPostprocessing = 0;
		};
/* End PBXSourcesBuildPhase section */

/* Begin XCBuildConfiguration section */
		528D5BA52B95A0F50029DEAD /* Debug */ = {
			isa = XCBuildConfiguration;
			buildSettings = {
				ALWAYS_SEARCH_USER_PATHS = NO;
				ASSETCATALOG_COMPILER_GENERATE_SWIFT_ASSET_SYMBOL_EXTENSIONS = YES;
				CLANG_ANALYZER_NONNULL = YES;
				CLANG_ANALYZER_NUMBER_OBJECT_CONVERSION = YES_AGGRESSIVE;
				CLANG_CXX_LANGUAGE_STANDARD = "gnu++20";
				CLANG_ENABLE_MODULES = YES;
				CLANG_ENABLE_OBJC_ARC = YES;
				CLANG_ENABLE_OBJC_WEAK = YES;
				CLANG_WARN_BLOCK_CAPTURE_AUTORELEASING = YES;
				CLANG_WARN_BOOL_CONVERSION = YES;
				CLANG_WARN_COMMA = YES;
				CLANG_WARN_CONSTANT_CONVERSION = YES;
				CLANG_WARN_DEPRECATED_OBJC_IMPLEMENTATIONS = YES;
				CLANG_WARN_DIRECT_OBJC_ISA_USAGE = YES_ERROR;
				CLANG_WARN_DOCUMENTATION_COMMENTS = YES;
				CLANG_WARN_EMPTY_BODY = YES;
				CLANG_WARN_ENUM_CONVERSION = YES;
				CLANG_WARN_INFINITE_RECURSION = YES;
				CLANG_WARN_INT_CONVERSION = YES;
				CLANG_WARN_NON_LITERAL_NULL_CONVERSION = YES;
				CLANG_WARN_OBJC_IMPLICIT_RETAIN_SELF = YES;
				CLANG_WARN_OBJC_LITERAL_CONVERSION = YES;
				CLANG_WARN_OBJC_ROOT_CLASS = YES_ERROR;
				CLANG_WARN_QUOTED_INCLUDE_IN_FRAMEWORK_HEADER = YES;
				CLANG_WARN_RANGE_LOOP_ANALYSIS = YES;
				CLANG_WARN_STRICT_PROTOTYPES = YES;
				CLANG_WARN_SUSPICIOUS_MOVE = YES;
				CLANG_WARN_UNGUARDED_AVAILABILITY = YES_AGGRESSIVE;
				CLANG_WARN_UNREACHABLE_CODE = YES;
				CLANG_WARN__DUPLICATE_METHOD_MATCH = YES;
				COPY_PHASE_STRIP = NO;
				DEBUG_INFORMATION_FORMAT = dwarf;
				ENABLE_STRICT_OBJC_MSGSEND = YES;
				ENABLE_TESTABILITY = YES;
				ENABLE_USER_SCRIPT_SANDBOXING = YES;
				GCC_C_LANGUAGE_STANDARD = gnu17;
				GCC_DYNAMIC_NO_PIC = NO;
				GCC_NO_COMMON_BLOCKS = YES;
				GCC_OPTIMIZATION_LEVEL = 0;
				GCC_PREPROCESSOR_DEFINITIONS = (
					"DEBUG=1",
					"$(inherited)",
				);
				GCC_WARN_64_TO_32_BIT_CONVERSION = YES;
				GCC_WARN_ABOUT_RETURN_TYPE = YES_ERROR;
				GCC_WARN_UNDECLARED_SELECTOR = YES;
				GCC_WARN_UNINITIALIZED_AUTOS = YES_AGGRESSIVE;
				GCC_WARN_UNUSED_FUNCTION = YES;
				GCC_WARN_UNUSED_VARIABLE = YES;
				IPHONEOS_DEPLOYMENT_TARGET = 17.2;
				LOCALIZATION_PREFERS_STRING_CATALOGS = YES;
				MTL_ENABLE_DEBUG_INFO = INCLUDE_SOURCE;
				MTL_FAST_MATH = YES;
				ONLY_ACTIVE_ARCH = YES;
				SDKROOT = iphoneos;
				SWIFT_ACTIVE_COMPILATION_CONDITIONS = "DEBUG $(inherited)";
				SWIFT_OPTIMIZATION_LEVEL = "-Onone";
			};
			name = Debug;
		};
		528D5BA62B95A0F50029DEAD /* Release */ = {
			isa = XCBuildConfiguration;
			buildSettings = {
				ALWAYS_SEARCH_USER_PATHS = NO;
				ASSETCATALOG_COMPILER_GENERATE_SWIFT_ASSET_SYMBOL_EXTENSIONS = YES;
				CLANG_ANALYZER_NONNULL = YES;
				CLANG_ANALYZER_NUMBER_OBJECT_CONVERSION = YES_AGGRESSIVE;
				CLANG_CXX_LANGUAGE_STANDARD = "gnu++20";
				CLANG_ENABLE_MODULES = YES;
				CLANG_ENABLE_OBJC_ARC = YES;
				CLANG_ENABLE_OBJC_WEAK = YES;
				CLANG_WARN_BLOCK_CAPTURE_AUTORELEASING = YES;
				CLANG_WARN_BOOL_CONVERSION = YES;
				CLANG_WARN_COMMA = YES;
				CLANG_WARN_CONSTANT_CONVERSION = YES;
				CLANG_WARN_DEPRECATED_OBJC_IMPLEMENTATIONS = YES;
				CLANG_WARN_DIRECT_OBJC_ISA_USAGE = YES_ERROR;
				CLANG_WARN_DOCUMENTATION_COMMENTS = YES;
				CLANG_WARN_EMPTY_BODY = YES;
				CLANG_WARN_ENUM_CONVERSION = YES;
				CLANG_WARN_INFINITE_RECURSION = YES;
				CLANG_WARN_INT_CONVERSION = YES;
				CLANG_WARN_NON_LITERAL_NULL_CONVERSION = YES;
				CLANG_WARN_OBJC_IMPLICIT_RETAIN_SELF = YES;
				CLANG_WARN_OBJC_LITERAL_CONVERSION = YES;
				CLANG_WARN_OBJC_ROOT_CLASS = YES_ERROR;
				CLANG_WARN_QUOTED_INCLUDE_IN_FRAMEWORK_HEADER = YES;
				CLANG_WARN_RANGE_LOOP_ANALYSIS = YES;
				CLANG_WARN_STRICT_PROTOTYPES = YES;
				CLANG_WARN_SUSPICIOUS_MOVE = YES;
				CLANG_WARN_UNGUARDED_AVAILABILITY = YES_AGGRESSIVE;
				CLANG_WARN_UNREACHABLE_CODE = YES;
				CLANG_WARN__DUPLICATE_METHOD_MATCH = YES;
				COPY_PHASE_STRIP = NO;
				DEBUG_INFORMATION_FORMAT = "dwarf-with-dsym";
				ENABLE_NS_ASSERTIONS = NO;
				ENABLE_STRICT_OBJC_MSGSEND = YES;
				ENABLE_USER_SCRIPT_SANDBOXING = YES;
				GCC_C_LANGUAGE_STANDARD = gnu17;
				GCC_NO_COMMON_BLOCKS = YES;
				GCC_WARN_64_TO_32_BIT_CONVERSION = YES;
				GCC_WARN_ABOUT_RETURN_TYPE = YES_ERROR;
				GCC_WARN_UNDECLARED_SELECTOR = YES;
				GCC_WARN_UNINITIALIZED_AUTOS = YES_AGGRESSIVE;
				GCC_WARN_UNUSED_FUNCTION = YES;
				GCC_WARN_UNUSED_VARIABLE = YES;
				IPHONEOS_DEPLOYMENT_TARGET = 17.2;
				LOCALIZATION_PREFERS_STRING_CATALOGS = YES;
				MTL_ENABLE_DEBUG_INFO = NO;
				MTL_FAST_MATH = YES;
				SDKROOT = iphoneos;
				SWIFT_COMPILATION_MODE = wholemodule;
				VALIDATE_PRODUCT = YES;
			};
			name = Release;
		};
		528D5BA82B95A0F50029DEAD /* Debug */ = {
			isa = XCBuildConfiguration;
			buildSettings = {
				ASSETCATALOG_COMPILER_APPICON_NAME = AppIcon;
				ASSETCATALOG_COMPILER_GLOBAL_ACCENT_COLOR_NAME = AccentColor;
				CODE_SIGN_STYLE = Automatic;
				CURRENT_PROJECT_VERSION = 1;
				DEVELOPMENT_ASSET_PATHS = "\"RegisterLessonSwiftUI/Preview Content\"";
				DEVELOPMENT_TEAM = 2758CUH3C2;
				ENABLE_PREVIEWS = YES;
				GENERATE_INFOPLIST_FILE = YES;
				INFOPLIST_KEY_UIApplicationSceneManifest_Generation = YES;
				INFOPLIST_KEY_UIApplicationSupportsIndirectInputEvents = YES;
				INFOPLIST_KEY_UILaunchScreen_Generation = YES;
				INFOPLIST_KEY_UISupportedInterfaceOrientations_iPad = "UIInterfaceOrientationPortrait UIInterfaceOrientationPortraitUpsideDown UIInterfaceOrientationLandscapeLeft UIInterfaceOrientationLandscapeRight";
				INFOPLIST_KEY_UISupportedInterfaceOrientations_iPhone = "UIInterfaceOrientationPortrait UIInterfaceOrientationLandscapeLeft UIInterfaceOrientationLandscapeRight";
				LD_RUNPATH_SEARCH_PATHS = (
					"$(inherited)",
					"@executable_path/Frameworks",
				);
				MARKETING_VERSION = 1.0;
				PRODUCT_BUNDLE_IDENTIFIER = com.ulasozturk.RegisterLessonSwiftUI;
				PRODUCT_NAME = "$(TARGET_NAME)";
				SWIFT_EMIT_LOC_STRINGS = YES;
				SWIFT_VERSION = 5.0;
				TARGETED_DEVICE_FAMILY = "1,2";
			};
			name = Debug;
		};
		528D5BA92B95A0F50029DEAD /* Release */ = {
			isa = XCBuildConfiguration;
			buildSettings = {
				ASSETCATALOG_COMPILER_APPICON_NAME = AppIcon;
				ASSETCATALOG_COMPILER_GLOBAL_ACCENT_COLOR_NAME = AccentColor;
				CODE_SIGN_STYLE = Automatic;
				CURRENT_PROJECT_VERSION = 1;
				DEVELOPMENT_ASSET_PATHS = "\"RegisterLessonSwiftUI/Preview Content\"";
				DEVELOPMENT_TEAM = 2758CUH3C2;
				ENABLE_PREVIEWS = YES;
				GENERATE_INFOPLIST_FILE = YES;
				INFOPLIST_KEY_UIApplicationSceneManifest_Generation = YES;
				INFOPLIST_KEY_UIApplicationSupportsIndirectInputEvents = YES;
				INFOPLIST_KEY_UILaunchScreen_Generation = YES;
				INFOPLIST_KEY_UISupportedInterfaceOrientations_iPad = "UIInterfaceOrientationPortrait UIInterfaceOrientationPortraitUpsideDown UIInterfaceOrientationLandscapeLeft UIInterfaceOrientationLandscapeRight";
				INFOPLIST_KEY_UISupportedInterfaceOrientations_iPhone = "UIInterfaceOrientationPortrait UIInterfaceOrientationLandscapeLeft UIInterfaceOrientationLandscapeRight";
				LD_RUNPATH_SEARCH_PATHS = (
					"$(inherited)",
					"@executable_path/Frameworks",
				);
				MARKETING_VERSION = 1.0;
				PRODUCT_BUNDLE_IDENTIFIER = com.ulasozturk.RegisterLessonSwiftUI;
				PRODUCT_NAME = "$(TARGET_NAME)";
				SWIFT_EMIT_LOC_STRINGS = YES;
				SWIFT_VERSION = 5.0;
				TARGETED_DEVICE_FAMILY = "1,2";
			};
			name = Release;
		};
/* End XCBuildConfiguration section */

/* Begin XCConfigurationList section */
		528D5B8F2B95A0F40029DEAD /* Build configuration list for PBXProject "RegisterLessonSwiftUI" */ = {
			isa = XCConfigurationList;
			buildConfigurations = (
				528D5BA52B95A0F50029DEAD /* Debug */,
				528D5BA62B95A0F50029DEAD /* Release */,
			);
			defaultConfigurationIsVisible = 0;
			defaultConfigurationName = Release;
		};
		528D5BA72B95A0F50029DEAD /* Build configuration list for PBXNativeTarget "RegisterLessonSwiftUI" */ = {
			isa = XCConfigurationList;
			buildConfigurations = (
				528D5BA82B95A0F50029DEAD /* Debug */,
				528D5BA92B95A0F50029DEAD /* Release */,
			);
			defaultConfigurationIsVisible = 0;
			defaultConfigurationName = Release;
		};
/* End XCConfigurationList section */

/* Begin XCVersionGroup section */
		528D5BA22B95A0F50029DEAD /* RegisterLessonSwiftUI.xcdatamodeld */ = {
			isa = XCVersionGroup;
			children = (
				528D5BAA2B95A4930029DEAD /* RegisterLessonSwiftUI 2.xcdatamodel */,
				528D5BA32B95A0F50029DEAD /* RegisterLessonSwiftUI.xcdatamodel */,
			);
			currentVersion = 528D5BAA2B95A4930029DEAD /* RegisterLessonSwiftUI 2.xcdatamodel */;
			path = RegisterLessonSwiftUI.xcdatamodeld;
			sourceTree = "<group>";
			versionGroupType = wrapper.xcdatamodel;
		};
/* End XCVersionGroup section */
	};
	rootObject = 528D5B8C2B95A0F40029DEAD /* Project object */;
}
